
Microsoft Visual Studio Solution File, Format Version 12.00
# Visual Studio Version 17
VisualStudioVersion = 17.12.35527.113 d17.12
MinimumVisualStudioVersion = 10.0.40219.1
Project("{FAE04EC0-301F-11D3-BF4B-00C04F79EFBC}") = "Orcamento.API", "Orcamento.API\Orcamento.API.csproj", "{971A82A3-B4A8-4C85-9B3F-40332376A60B}"
EndProject
Project("{FAE04EC0-301F-11D3-BF4B-00C04F79EFBC}") = "Orcamento.Domain", "Orcamento.Domain\Orcamento.Domain.csproj", "{4E5F21CC-73B1-4569-B94E-B33A7D376936}"
EndProject
Project("{FAE04EC0-301F-11D3-BF4B-00C04F79EFBC}") = "Orcamento.Application", "Orcamento.Application\Orcamento.Application.csproj", "{7FB6BE2E-1D4A-4F2F-AB62-CDD700AAC3EC}"
EndProject
Project("{FAE04EC0-301F-11D3-BF4B-00C04F79EFBC}") = "Orcamento.Infrastructure", "Orcamento.Infrastructure\Orcamento.Infrastructure.csproj", "{2388E94D-13B6-42D5-AB50-63CAF15478BA}"
EndProject
Global
	GlobalSection(SolutionConfigurationPlatforms) = preSolution
		Debug|Any CPU = Debug|Any CPU
		Release|Any CPU = Release|Any CPU
	EndGlobalSection
	GlobalSection(ProjectConfigurationPlatforms) = postSolution
		{971A82A3-B4A8-4C85-9B3F-40332376A60B}.Debug|Any CPU.ActiveCfg = Debug|Any CPU
		{971A82A3-B4A8-4C85-9B3F-40332376A60B}.Debug|Any CPU.Build.0 = Debug|Any CPU
		{971A82A3-B4A8-4C85-9B3F-40332376A60B}.Release|Any CPU.ActiveCfg = Release|Any CPU
		{971A82A3-B4A8-4C85-9B3F-40332376A60B}.Release|Any CPU.Build.0 = Release|Any CPU
		{4E5F21CC-73B1-4569-B94E-B33A7D376936}.Debug|Any CPU.ActiveCfg = Debug|Any CPU
		{4E5F21CC-73B1-4569-B94E-B33A7D376936}.Debug|Any CPU.Build.0 = Debug|Any CPU
		{4E5F21CC-73B1-4569-B94E-B33A7D376936}.Release|Any CPU.ActiveCfg = Release|Any CPU
		{4E5F21CC-73B1-4569-B94E-B33A7D376936}.Release|Any CPU.Build.0 = Release|Any CPU
		{7FB6BE2E-1D4A-4F2F-AB62-CDD700AAC3EC}.Debug|Any CPU.ActiveCfg = Debug|Any CPU
		{7FB6BE2E-1D4A-4F2F-AB62-CDD700AAC3EC}.Debug|Any CPU.Build.0 = Debug|Any CPU
		{7FB6BE2E-1D4A-4F2F-AB62-CDD700AAC3EC}.Release|Any CPU.ActiveCfg = Release|Any CPU
		{7FB6BE2E-1D4A-4F2F-AB62-CDD700AAC3EC}.Release|Any CPU.Build.0 = Release|Any CPU
		{2388E94D-13B6-42D5-AB50-63CAF15478BA}.Debug|Any CPU.ActiveCfg = Debug|Any CPU
		{2388E94D-13B6-42D5-AB50-63CAF15478BA}.Debug|Any CPU.Build.0 = Debug|Any CPU
		{2388E94D-13B6-42D5-AB50-63CAF15478BA}.Release|Any CPU.ActiveCfg = Release|Any CPU
		{2388E94D-13B6-42D5-AB50-63CAF15478BA}.Release|Any CPU.Build.0 = Release|Any CPU
	EndGlobalSection
	GlobalSection(SolutionProperties) = preSolution
		HideSolutionNode = FALSE
	EndGlobalSection
EndGlobal
